lockfileVersion: '6.0'

settings:
  autoInstallPeers: true
  excludeLinksFromLockfile: false

dependencies:
  '@actions/core':
    specifier: ^1.9.1
    version: 1.9.1
  '@actions/github':
    specifier: ^5.1.0
    version: 5.1.0
  '@adryd325/discord-datamining-lang-differ':
    specifier: github:adryd325/discord-datamining-lang-differ#4a935ddb35d0360604ecf0ed69b81cf6528b9f59
    version: github.com/adryd325/discord-datamining-lang-differ/4a935ddb35d0360604ecf0ed69b81cf6528b9f59

devDependencies:
  '@octokit/webhooks-types':
    specifier: ^6.3.6
    version: 6.3.6
  '@types/node':
    specifier: ^18.7.23
    version: 18.7.23
  '@vercel/ncc':
    specifier: 0.34.0
    version: 0.34.0
  typescript:
    specifier: ^4.8.3
    version: 4.8.3

packages:

  /@actions/core@1.9.1:
    resolution: {integrity: sha512-5ad+U2YGrmmiw6du20AQW5XuWo7UKN2052FjSV7MX+Wfjf8sCqcsZe62NfgHys4QI4/Y+vQvLKYL8jWtA1ZBTA==}
    dependencies:
      '@actions/http-client': 2.0.1
      uuid: 8.3.2
    dev: false

  /@actions/github@5.1.0:
    resolution: {integrity: sha512-tuI80F7JQIhg77ZTTgUAPpVD7ZnP9oHSPN8xw7LOwtA4vEMbAjWJNbmLBfV7xua7r016GyjzWLuec5cs8f/a8A==}
    dependencies:
      '@actions/http-client': 2.0.1
      '@octokit/core': 3.6.0
      '@octokit/plugin-paginate-rest': 2.21.3(@octokit/core@3.6.0)
      '@octokit/plugin-rest-endpoint-methods': 5.16.2(@octokit/core@3.6.0)
    transitivePeerDependencies:
      - encoding
    dev: false

  /@actions/http-client@2.0.1:
    resolution: {integrity: sha512-PIXiMVtz6VvyaRsGY268qvj57hXQEpsYogYOu2nrQhlf+XCGmZstmuZBbAybUl1nQGnvS1k1eEsQ69ZoD7xlSw==}
    dependencies:
      tunnel: 0.0.6
    dev: false

  /@octokit/auth-token@2.4.5:
    resolution: {integrity: sha512-BpGYsPgJt05M7/L/5FoE1PiAbdxXFZkX/3kDYcsvd1v6UhlnE5e96dTDr0ezX/EFwciQxf3cNV0loipsURU+WA==}
    dependencies:
      '@octokit/types': 6.41.0
    dev: false

  /@octokit/core@3.6.0:
    resolution: {integrity: sha512-7RKRKuA4xTjMhY+eG3jthb3hlZCsOwg3rztWh75Xc+ShDWOfDDATWbeZpAHBNRpm4Tv9WgBMOy1zEJYXG6NJ7Q==}
    dependencies:
      '@octokit/auth-token': 2.4.5
      '@octokit/graphql': 4.6.4
      '@octokit/request': 5.6.3
      '@octokit/request-error': 2.1.0
      '@octokit/types': 6.22.0
      before-after-hook: 2.2.2
      universal-user-agent: 6.0.0
    transitivePeerDependencies:
      - encoding
    dev: false

  /@octokit/endpoint@6.0.5:
    resolution: {integrity: sha512-70K5u6zd45ItOny6aHQAsea8HHQjlQq85yqOMe+Aj8dkhN2qSJ9T+Q3YjUjEYfPRBcuUWNgMn62DQnP/4LAIiQ==}
    dependencies:
      '@octokit/types': 5.2.0
      is-plain-object: 4.1.1
      universal-user-agent: 6.0.0
    dev: false

  /@octokit/graphql@4.6.4:
    resolution: {integrity: sha512-SWTdXsVheRmlotWNjKzPOb6Js6tjSqA2a8z9+glDJng0Aqjzti8MEWOtuT8ZSu6wHnci7LZNuarE87+WJBG4vg==}
    dependencies:
      '@octokit/request': 5.6.3
      '@octokit/types': 6.41.0
      universal-user-agent: 6.0.0
    transitivePeerDependencies:
      - encoding
    dev: false

  /@octokit/openapi-types@12.11.0:
    resolution: {integrity: sha512-VsXyi8peyRq9PqIz/tpqiL2w3w80OgVMwBHltTml3LmVvXiphgeqmY9mvBw9Wu7e0QWk/fqD37ux8yP5uVekyQ==}
    dev: false

  /@octokit/openapi-types@9.2.0:
    resolution: {integrity: sha512-c4A1Xm0At+ypvBfEETREu519wLncJYQXvY+dBGg/V5YA51eg5EwdDsPPfcOMG0cuXscqRvsIgIySTmTJUdcTNA==}
    dev: false

  /@octokit/plugin-paginate-rest@2.21.3(@octokit/core@3.6.0):
    resolution: {integrity: sha512-aCZTEf0y2h3OLbrgKkrfFdjRL6eSOo8komneVQJnYecAxIej7Bafor2xhuDJOIFau4pk0i/P28/XgtbyPF0ZHw==}
    peerDependencies:
      '@octokit/core': '>=2'
    dependencies:
      '@octokit/core': 3.6.0
      '@octokit/types': 6.41.0
    dev: false

  /@octokit/plugin-rest-endpoint-methods@5.16.2(@octokit/core@3.6.0):
    resolution: {integrity: sha512-8QFz29Fg5jDuTPXVtey05BLm7OB+M8fnvE64RNegzX7U+5NUXcOcnpTIK0YfSHBg8gYd0oxIq3IZTe9SfPZiRw==}
    peerDependencies:
      '@octokit/core': '>=3'
    dependencies:
      '@octokit/core': 3.6.0
      '@octokit/types': 6.41.0
      deprecation: 2.3.1
    dev: false

  /@octokit/request-error@2.1.0:
    resolution: {integrity: sha512-1VIvgXxs9WHSjicsRwq8PlR2LR2x6DwsJAaFgzdi0JfJoGSO8mYI/cHJQ+9FbN21aa+DrgNLnwObmyeSC8Rmpg==}
    dependencies:
      '@octokit/types': 6.41.0
      deprecation: 2.3.1
      once: 1.4.0
    dev: false

  /@octokit/request@5.6.3:
    resolution: {integrity: sha512-bFJl0I1KVc9jYTe9tdGGpAMPy32dLBXXo1dS/YwSCTL/2nd9XeHsY616RE3HPXDVk+a+dBuzyz5YdlXwcDTr2A==}
    dependencies:
      '@octokit/endpoint': 6.0.5
      '@octokit/request-error': 2.1.0
      '@octokit/types': 6.41.0
      is-plain-object: 5.0.0
      node-fetch: 2.6.7
      universal-user-agent: 6.0.0
    transitivePeerDependencies:
      - encoding
    dev: false

  /@octokit/types@5.2.0:
    resolution: {integrity: sha512-XjOk9y4m8xTLIKPe1NFxNWBdzA2/z3PFFA/bwf4EoH6oS8hM0Y46mEa4Cb+KCyj/tFDznJFahzQ0Aj3o1FYq4A==}
    dependencies:
      '@types/node': 18.7.23
    dev: false

  /@octokit/types@6.22.0:
    resolution: {integrity: sha512-Y8GR0BJHQDpO09qw/ZQpN+DXrFzCWaE0pvK4frDm3zJ+h99AktsFfBoDazbCtHxiL8d0jD8xRH4BeynlKLeChg==}
    dependencies:
      '@octokit/openapi-types': 9.2.0
    dev: false

  /@octokit/types@6.41.0:
    resolution: {integrity: sha512-eJ2jbzjdijiL3B4PrSQaSjuF2sPEQPVCPzBvTHJD9Nz+9dw2SGH4K4xeQJ77YfTq5bRQ+bD8wT11JbeDPmxmGg==}
    dependencies:
      '@octokit/openapi-types': 12.11.0
    dev: false

  /@octokit/webhooks-types@6.3.6:
    resolution: {integrity: sha512-x6yBtWobk20OhOiJ4VWsH3iJ/30IG+VoDWSgS4Tiyidi2KOiBS3bL+AJrNuq4OyNuWOM/FbHQTp6KEZs1oPD/g==}
    dev: true

  /@types/node@18.7.23:
    resolution: {integrity: sha512-DWNcCHolDq0ZKGizjx2DZjR/PqsYwAcYUJmfMWqtVU2MBMG5Mo+xFZrhGId5r/O5HOuMPyQEcM6KUBp5lBZZBg==}

  /@vercel/ncc@0.34.0:
    resolution: {integrity: sha512-G9h5ZLBJ/V57Ou9vz5hI8pda/YQX5HQszCs3AmIus3XzsmRn/0Ptic5otD3xVST8QLKk7AMk7AqpsyQGN7MZ9A==}
    hasBin: true
    dev: true

  /acorn-jsx@5.3.2(acorn@8.11.2):
    resolution: {integrity: sha512-rq9s+JNhf0IChjtDXxllJ7g41oZk5SlXtp0LHwyA5cejwn7vKmKp4pPri6YEePv2PU65sAsegbXtIinmDFDXgQ==}
    peerDependencies:
      acorn: ^6.0.0 || ^7.0.0 || ^8.0.0
    dependencies:
      acorn: 8.11.2
    dev: false

  /acorn-walk@8.3.1:
    resolution: {integrity: sha512-TgUZgYvqZprrl7YldZNoa9OciCAyZR+Ejm9eXzKCmjsF5IKp/wgQ7Z/ZpjpGTIUPwrHQIcYeI8qDh4PsEwxMbw==}
    engines: {node: '>=0.4.0'}
    dev: false

  /acorn@8.11.2:
    resolution: {integrity: sha512-nc0Axzp/0FILLEVsm4fNwLCwMttvhEI263QtVPQcbpfZZ3ts0hLsZGOpE6czNlid7CJ9MlyH8reXkpsf3YUY4w==}
    engines: {node: '>=0.4.0'}
    hasBin: true
    dev: false

  /before-after-hook@2.2.2:
    resolution: {integrity: sha512-3pZEU3NT5BFUo/AD5ERPWOgQOCZITni6iavr5AUw5AUwQjMlI0kzu5btnyD39AF0gUEsDPwJT+oY1ORBJijPjQ==}
    dev: false

  /deprecation@2.3.1:
    resolution: {integrity: sha512-xmHIy4F3scKVwMsQ4WnVaS8bHOx0DmVwRywosKhaILI0ywMDWPtBSku2HNxRvF7jtwDRsoEwYQSfbxj8b7RlJQ==}
    dev: false

  /eslint-visitor-keys@3.4.3:
    resolution: {integrity: sha512-wpc+LXeiyiisxPlEkUzU6svyS1frIO3Mgxj1fdy7Pm8Ygzguax2N3Fa/D/ag1WqbOprdI+uY6wMUl8/a2G+iag==}
    engines: {node: ^12.22.0 || ^14.17.0 || >=16.0.0}
    dev: false

  /espree@9.6.1:
    resolution: {integrity: sha512-oruZaFkjorTpF32kDSI5/75ViwGeZginGGy2NoOSg3Q9bnwlnmDm4HLnkl0RE3n+njDXR037aY1+x58Z/zFdwQ==}
    engines: {node: ^12.22.0 || ^14.17.0 || >=16.0.0}
    dependencies:
      acorn: 8.11.2
      acorn-jsx: 5.3.2(acorn@8.11.2)
      eslint-visitor-keys: 3.4.3
    dev: false

  /is-plain-object@4.1.1:
    resolution: {integrity: sha512-5Aw8LLVsDlZsETVMhoMXzqsXwQqr/0vlnBYzIXJbYo2F4yYlhLHs+Ez7Bod7IIQKWkJbJfxrWD7pA1Dw1TKrwA==}
    engines: {node: '>=0.10.0'}
    dev: false

  /is-plain-object@5.0.0:
    resolution: {integrity: sha512-VRSzKkbMm5jMDoKLbltAkFQ5Qr7VDiTFGXxYFXXowVj387GeGNOCsOH6Msy00SGZ3Fp84b1Naa1psqgcCIEP5Q==}
    engines: {node: '>=0.10.0'}
    dev: false

  /node-fetch@2.6.7:
    resolution: {integrity: sha512-ZjMPFEfVx5j+y2yF35Kzx5sF7kDzxuDj6ziH4FFbOp87zKDZNx8yExJIb05OGF4Nlt9IHFIMBkRl41VdvcNdbQ==}
    engines: {node: 4.x || >=6.0.0}
    peerDependencies:
      encoding: ^0.1.0
    peerDependenciesMeta:
      encoding:
        optional: true
    dependencies:
      whatwg-url: 5.0.0
    dev: false

  /once@1.4.0:
    resolution: {integrity: sha512-lNaJgI+2Q5URQBkccEKHTQOPaXdUxnZZElQTZY0MFUAuaEqe1E+Nyvgdz/aIyNi6Z9MzO5dv1H8n58/GELp3+w==}
    dependencies:
      wrappy: 1.0.2
    dev: false

  /tr46@0.0.3:
    resolution: {integrity: sha512-N3WMsuqV66lT30CrXNbEjx4GEwlow3v6rr4mCcv6prnfwhS01rkgyFdjPNBYd9br7LpXV1+Emh01fHnq2Gdgrw==}
    dev: false

  /tunnel@0.0.6:
    resolution: {integrity: sha512-1h/Lnq9yajKY2PEbBadPXj3VxsDDu844OnaAo52UVmIzIvwwtBPIuNvkjuzBlTWpfJyUbG3ez0KSBibQkj4ojg==}
    engines: {node: '>=0.6.11 <=0.7.0 || >=0.7.3'}
    dev: false

  /typescript@4.8.3:
    resolution: {integrity: sha512-goMHfm00nWPa8UvR/CPSvykqf6dVV8x/dp0c5mFTMTIu0u0FlGWRioyy7Nn0PGAdHxpJZnuO/ut+PpQ8UiHAig==}
    engines: {node: '>=4.2.0'}
    hasBin: true
    dev: true

  /universal-user-agent@6.0.0:
    resolution: {integrity: sha512-isyNax3wXoKaulPDZWHQqbmIx1k2tb9fb3GGDBRxCscfYV2Ch7WxPArBsFEG8s/safwXTT7H4QGhaIkTp9447w==}
    dev: false

  /uuid@8.3.2:
    resolution: {integrity: sha512-+NYs2QeMWy+GWFOEm9xnn6HCDp0l7QBD7ml8zLUmJ+93Q5NF0NocErnwkTkXVFNiX3/fpC6afS8Dhb/gz7R7eg==}
    hasBin: true
    dev: false

  /webidl-conversions@3.0.1:
    resolution: {integrity: sha512-2JAn3z8AR6rjK8Sm8orRC0h/bcl/DqL7tRPdGZ4I1CjdF+EaMLmYxBHyXuKL849eucPFhvBoxMsflfOb8kxaeQ==}
    dev: false

  /whatwg-url@5.0.0:
    resolution: {integrity: sha512-saE57nupxk6v3HY35+jzBwYa0rKSy0XR8JSxZPwgLr7ys0IBzhGviA1/TUGJLmSVqs8pb9AnvICXEuOHLprYTw==}
    dependencies:
      tr46: 0.0.3
      webidl-conversions: 3.0.1
    dev: false

  /wrappy@1.0.2:
    resolution: {integrity: sha512-l4Sp/DRseor9wL6EvV2+TuQn63dMkPjZ/sp9XkghTEbV9KlPS1xUsZ3u7/IQO4wxtcFB4bgpQPRcR3QCvezPcQ==}
    dev: false

  github.com/adryd325/discord-datamining-lang-differ/4a935ddb35d0360604ecf0ed69b81cf6528b9f59:
    resolution: {tarball: https://codeload.github.com/adryd325/discord-datamining-lang-differ/tar.gz/4a935ddb35d0360604ecf0ed69b81cf6528b9f59}
    name: '@adryd325/discord-datamining-lang-differ'
    version: 1.3.0
    dependencies:
      acorn: 8.11.2
      acorn-walk: 8.3.1
      espree: 9.6.1
    dev: false
