lockfileVersion: 5.3

specifiers:
  '@actions/core': ^1.4.0
  '@actions/github': ^5.0.0
  '@adryd325/discord-datamining-lang-differ': github:adryd325/discordDataminingLangDiffer
  '@octokit/webhooks-types': ^4.2.2
  '@vercel/ncc': 0.28.6
  typescript: ^4.3.5

dependencies:
  '@actions/core': 1.4.0
  '@actions/github': 5.0.0
  '@adryd325/discord-datamining-lang-differ': github.com/adryd325/discordDataminingLangDiffer/cc16ef933fdbd11580d4790e2dd2f52fa072993f

devDependencies:
  '@octokit/webhooks-types': 4.2.2
  '@vercel/ncc': 0.28.6
  typescript: 4.3.5

packages:

  /@actions/core/1.4.0:
    resolution: {integrity: sha512-CGx2ilGq5i7zSLgiiGUtBCxhRRxibJYU6Fim0Q1Wg2aQL2LTnF27zbqZOrxfvFQ55eSBW0L8uVStgtKMpa0Qlg==}
    dev: false

  /@actions/github/5.0.0:
    resolution: {integrity: sha512-QvE9eAAfEsS+yOOk0cylLBIO/d6WyWIOvsxxzdrPFaud39G6BOkUwScXZn1iBzQzHyu9SBkkLSWlohDWdsasAQ==}
    dependencies:
      '@actions/http-client': 1.0.11
      '@octokit/core': 3.5.1
      '@octokit/plugin-paginate-rest': 2.14.0_@octokit+core@3.5.1
      '@octokit/plugin-rest-endpoint-methods': 5.5.2_@octokit+core@3.5.1
    dev: false

  /@actions/http-client/1.0.11:
    resolution: {integrity: sha512-VRYHGQV1rqnROJqdMvGUbY/Kn8vriQe/F9HR2AlYHzmKuM/p3kjNuXhmdBfcVgsvRWTz5C5XW5xvndZrVBuAYg==}
    dependencies:
      tunnel: 0.0.6
    dev: false

  /@octokit/auth-token/2.4.5:
    resolution: {integrity: sha512-BpGYsPgJt05M7/L/5FoE1PiAbdxXFZkX/3kDYcsvd1v6UhlnE5e96dTDr0ezX/EFwciQxf3cNV0loipsURU+WA==}
    dependencies:
      '@octokit/types': 6.22.0
    dev: false

  /@octokit/core/3.5.1:
    resolution: {integrity: sha512-omncwpLVxMP+GLpLPgeGJBF6IWJFjXDS5flY5VbppePYX9XehevbDykRH9PdCdvqt9TS5AOTiDide7h0qrkHjw==}
    dependencies:
      '@octokit/auth-token': 2.4.5
      '@octokit/graphql': 4.6.4
      '@octokit/request': 5.6.0
      '@octokit/request-error': 2.1.0
      '@octokit/types': 6.22.0
      before-after-hook: 2.2.2
      universal-user-agent: 6.0.0
    dev: false

  /@octokit/endpoint/6.0.5:
    resolution: {integrity: sha512-70K5u6zd45ItOny6aHQAsea8HHQjlQq85yqOMe+Aj8dkhN2qSJ9T+Q3YjUjEYfPRBcuUWNgMn62DQnP/4LAIiQ==}
    dependencies:
      '@octokit/types': 5.2.0
      is-plain-object: 4.1.1
      universal-user-agent: 6.0.0
    dev: false

  /@octokit/graphql/4.6.4:
    resolution: {integrity: sha512-SWTdXsVheRmlotWNjKzPOb6Js6tjSqA2a8z9+glDJng0Aqjzti8MEWOtuT8ZSu6wHnci7LZNuarE87+WJBG4vg==}
    dependencies:
      '@octokit/request': 5.6.0
      '@octokit/types': 6.22.0
      universal-user-agent: 6.0.0
    dev: false

  /@octokit/openapi-types/9.2.0:
    resolution: {integrity: sha512-c4A1Xm0At+ypvBfEETREu519wLncJYQXvY+dBGg/V5YA51eg5EwdDsPPfcOMG0cuXscqRvsIgIySTmTJUdcTNA==}
    dev: false

  /@octokit/plugin-paginate-rest/2.14.0_@octokit+core@3.5.1:
    resolution: {integrity: sha512-S2uEu2uHeI7Vf+Lvj8tv3O5/5TCAa8GHS0dUQN7gdM7vKA6ZHAbR6HkAVm5yMb1mbedLEbxOuQ+Fa0SQ7tCDLA==}
    peerDependencies:
      '@octokit/core': '>=2'
    dependencies:
      '@octokit/core': 3.5.1
      '@octokit/types': 6.22.0
    dev: false

  /@octokit/plugin-rest-endpoint-methods/5.5.2_@octokit+core@3.5.1:
    resolution: {integrity: sha512-1ArooY7AYQdUd2zyqWLFHQ6gver9PvZSiuM+EPAsDplv1Y6u8zHl6yZ7yGIgaf7xvWupwUkJS2WttGYyb1P0DQ==}
    peerDependencies:
      '@octokit/core': '>=3'
    dependencies:
      '@octokit/core': 3.5.1
      '@octokit/types': 6.22.0
      deprecation: 2.3.1
    dev: false

  /@octokit/request-error/2.1.0:
    resolution: {integrity: sha512-1VIvgXxs9WHSjicsRwq8PlR2LR2x6DwsJAaFgzdi0JfJoGSO8mYI/cHJQ+9FbN21aa+DrgNLnwObmyeSC8Rmpg==}
    dependencies:
      '@octokit/types': 6.22.0
      deprecation: 2.3.1
      once: 1.4.0
    dev: false

  /@octokit/request/5.6.0:
    resolution: {integrity: sha512-4cPp/N+NqmaGQwbh3vUsYqokQIzt7VjsgTYVXiwpUP2pxd5YiZB2XuTedbb0SPtv9XS7nzAKjAuQxmY8/aZkiA==}
    dependencies:
      '@octokit/endpoint': 6.0.5
      '@octokit/request-error': 2.1.0
      '@octokit/types': 6.22.0
      is-plain-object: 5.0.0
      node-fetch: 2.6.1
      universal-user-agent: 6.0.0
    dev: false

  /@octokit/types/5.2.0:
    resolution: {integrity: sha512-XjOk9y4m8xTLIKPe1NFxNWBdzA2/z3PFFA/bwf4EoH6oS8hM0Y46mEa4Cb+KCyj/tFDznJFahzQ0Aj3o1FYq4A==}
    dependencies:
      '@types/node': 14.0.27
    dev: false

  /@octokit/types/6.22.0:
    resolution: {integrity: sha512-Y8GR0BJHQDpO09qw/ZQpN+DXrFzCWaE0pvK4frDm3zJ+h99AktsFfBoDazbCtHxiL8d0jD8xRH4BeynlKLeChg==}
    dependencies:
      '@octokit/openapi-types': 9.2.0
    dev: false

  /@octokit/webhooks-types/4.2.2:
    resolution: {integrity: sha512-z51YJwwt0rfiBK9uAaebJz6Nps4uEwN9Cai0A10/CbUGiTdtpjK8xd7MxMojeWwCmJPCL9WmHbd3Os4xiGBAvg==}
    dev: true

  /@types/node/14.0.27:
    resolution: {integrity: sha512-kVrqXhbclHNHGu9ztnAwSncIgJv/FaxmzXJvGXNdcCpV1b8u1/Mi6z6m0vwy0LzKeXFTPLH0NzwmoJ3fNCIq0g==}
    dev: false

  /@vercel/ncc/0.28.6:
    resolution: {integrity: sha512-t4BoSSuyK8BZaUE0gV18V6bkFs4st7baumtFGa50dv1tMu2GDBEBF8sUZaKBdKiL6DzJ2D2+XVCwYWWDcQOYdQ==}
    hasBin: true
    dev: true

  /before-after-hook/2.2.2:
    resolution: {integrity: sha512-3pZEU3NT5BFUo/AD5ERPWOgQOCZITni6iavr5AUw5AUwQjMlI0kzu5btnyD39AF0gUEsDPwJT+oY1ORBJijPjQ==}
    dev: false

  /deprecation/2.3.1:
    resolution: {integrity: sha512-xmHIy4F3scKVwMsQ4WnVaS8bHOx0DmVwRywosKhaILI0ywMDWPtBSku2HNxRvF7jtwDRsoEwYQSfbxj8b7RlJQ==}
    dev: false

  /esprima/4.0.1:
    resolution: {integrity: sha512-eGuFFw7Upda+g4p+QHvnW0RyTX/SVeJBDM/gCtMARO0cLuT2HcEKnTPvhjV6aGeqrCB/sbNop0Kszm0jsaWU4A==}
    engines: {node: '>=4'}
    hasBin: true
    dev: false

  /is-plain-object/4.1.1:
    resolution: {integrity: sha512-5Aw8LLVsDlZsETVMhoMXzqsXwQqr/0vlnBYzIXJbYo2F4yYlhLHs+Ez7Bod7IIQKWkJbJfxrWD7pA1Dw1TKrwA==}
    engines: {node: '>=0.10.0'}
    dev: false

  /is-plain-object/5.0.0:
    resolution: {integrity: sha512-VRSzKkbMm5jMDoKLbltAkFQ5Qr7VDiTFGXxYFXXowVj387GeGNOCsOH6Msy00SGZ3Fp84b1Naa1psqgcCIEP5Q==}
    engines: {node: '>=0.10.0'}
    dev: false

  /node-fetch/2.6.1:
    resolution: {integrity: sha512-V4aYg89jEoVRxRb2fJdAg8FHvI7cEyYdVAh94HH0UIK8oJxUfkjlDQN9RbMx+bEjP7+ggMiFRprSti032Oipxw==}
    engines: {node: 4.x || >=6.0.0}
    dev: false

  /once/1.4.0:
    resolution: {integrity: sha1-WDsap3WWHUsROsF9nFC6753Xa9E=}
    dependencies:
      wrappy: 1.0.2
    dev: false

  /tunnel/0.0.6:
    resolution: {integrity: sha512-1h/Lnq9yajKY2PEbBadPXj3VxsDDu844OnaAo52UVmIzIvwwtBPIuNvkjuzBlTWpfJyUbG3ez0KSBibQkj4ojg==}
    engines: {node: '>=0.6.11 <=0.7.0 || >=0.7.3'}
    dev: false

  /typescript/4.3.5:
    resolution: {integrity: sha512-DqQgihaQ9cUrskJo9kIyW/+g0Vxsk8cDtZ52a3NGh0YNTfpUSArXSohyUGnvbPazEPLu398C0UxmKSOrPumUzA==}
    engines: {node: '>=4.2.0'}
    hasBin: true
    dev: true

  /universal-user-agent/6.0.0:
    resolution: {integrity: sha512-isyNax3wXoKaulPDZWHQqbmIx1k2tb9fb3GGDBRxCscfYV2Ch7WxPArBsFEG8s/safwXTT7H4QGhaIkTp9447w==}
    dev: false

  /wrappy/1.0.2:
    resolution: {integrity: sha1-tSQ9jz7BqjXxNkYFvA0QNuMKtp8=}
    dev: false

  github.com/adryd325/discordDataminingLangDiffer/cc16ef933fdbd11580d4790e2dd2f52fa072993f:
    resolution: {tarball: https://codeload.github.com/adryd325/discordDataminingLangDiffer/tar.gz/cc16ef933fdbd11580d4790e2dd2f52fa072993f}
    name: '@adryd325/discord-datamining-lang-differ'
    version: 1.0.2
    dependencies:
      esprima: 4.0.1
    dev: false
